
Microsoft Visual Studio Solution File, Format Version 12.00
# Visual Studio 15
VisualStudioVersion = 15.0.28010.2048
MinimumVisualStudioVersion = 10.0.40219.1
Project("{2150E333-8FDC-42A3-9474-1A3956D46DE8}") = "GroupNode", "GroupNode", "{6056B933-DBC2-4034-80BD-40A8A0F00D32}"
EndProject
Project("{8BC9CEB8-8B4A-11D0-8D11-00A0C91BC942}") = "NodeCore", "GroupNode\NodeCore\nodeCore.vcxproj", "{58C1097F-5E1D-42FC-97EE-CBC9618A0802}"
EndProject
Project("{8BC9CEB8-8B4A-11D0-8D11-00A0C91BC942}") = "NodeCoreTest", "GroupNode\NodeCoreTest\NodeCoreTest.vcxproj", "{4051E1BC-E921-4ACE-B11F-A01D00781393}"
EndProject
Project("{8BC9CEB8-8B4A-11D0-8D11-00A0C91BC942}") = "NodeMobileCore", "GroupNode\NodeMobileCore\NodeMobileCore.vcxproj", "{6A2ED99F-ED32-4D69-B6F9-67C49E6D374E}"
EndProject
Project("{8BC9CEB8-8B4A-11D0-8D11-00A0C91BC942}") = "NodeMobileCoreTest", "GroupNode\NodeMobileCoreTest\NodeMobileCoreTest.vcxproj", "{BFABF16E-635E-47F0-B678-A5A9726E5B5A}"
EndProject
Project("{2150E333-8FDC-42A3-9474-1A3956D46DE8}") = "GroupUtilities", "GroupUtilities", "{B3C0FB8A-ABF3-4BCB-B287-D487DC1DFA23}"
EndProject
Global
	GlobalSection(SolutionConfigurationPlatforms) = preSolution
		Debug|x64 = Debug|x64
		Debug|x86 = Debug|x86
		Release|x64 = Release|x64
		Release|x86 = Release|x86
	EndGlobalSection
	GlobalSection(ProjectConfigurationPlatforms) = postSolution
		{58C1097F-5E1D-42FC-97EE-CBC9618A0802}.Debug|x64.ActiveCfg = Debug|x64
		{58C1097F-5E1D-42FC-97EE-CBC9618A0802}.Debug|x64.Build.0 = Debug|x64
		{58C1097F-5E1D-42FC-97EE-CBC9618A0802}.Debug|x86.ActiveCfg = Debug|Win32
		{58C1097F-5E1D-42FC-97EE-CBC9618A0802}.Debug|x86.Build.0 = Debug|Win32
		{58C1097F-5E1D-42FC-97EE-CBC9618A0802}.Release|x64.ActiveCfg = Release|x64
		{58C1097F-5E1D-42FC-97EE-CBC9618A0802}.Release|x64.Build.0 = Release|x64
		{58C1097F-5E1D-42FC-97EE-CBC9618A0802}.Release|x86.ActiveCfg = Release|Win32
		{58C1097F-5E1D-42FC-97EE-CBC9618A0802}.Release|x86.Build.0 = Release|Win32
		{4051E1BC-E921-4ACE-B11F-A01D00781393}.Debug|x64.ActiveCfg = Debug|x64
		{4051E1BC-E921-4ACE-B11F-A01D00781393}.Debug|x64.Build.0 = Debug|x64
		{4051E1BC-E921-4ACE-B11F-A01D00781393}.Debug|x86.ActiveCfg = Debug|Win32
		{4051E1BC-E921-4ACE-B11F-A01D00781393}.Debug|x86.Build.0 = Debug|Win32
		{4051E1BC-E921-4ACE-B11F-A01D00781393}.Release|x64.ActiveCfg = Release|x64
		{4051E1BC-E921-4ACE-B11F-A01D00781393}.Release|x64.Build.0 = Release|x64
		{4051E1BC-E921-4ACE-B11F-A01D00781393}.Release|x86.ActiveCfg = Release|Win32
		{4051E1BC-E921-4ACE-B11F-A01D00781393}.Release|x86.Build.0 = Release|Win32
		{6A2ED99F-ED32-4D69-B6F9-67C49E6D374E}.Debug|x64.ActiveCfg = Debug|x64
		{6A2ED99F-ED32-4D69-B6F9-67C49E6D374E}.Debug|x64.Build.0 = Debug|x64
		{6A2ED99F-ED32-4D69-B6F9-67C49E6D374E}.Debug|x86.ActiveCfg = Debug|Win32
		{6A2ED99F-ED32-4D69-B6F9-67C49E6D374E}.Debug|x86.Build.0 = Debug|Win32
		{6A2ED99F-ED32-4D69-B6F9-67C49E6D374E}.Release|x64.ActiveCfg = Release|x64
		{6A2ED99F-ED32-4D69-B6F9-67C49E6D374E}.Release|x64.Build.0 = Release|x64
		{6A2ED99F-ED32-4D69-B6F9-67C49E6D374E}.Release|x86.ActiveCfg = Release|Win32
		{6A2ED99F-ED32-4D69-B6F9-67C49E6D374E}.Release|x86.Build.0 = Release|Win32
		{BFABF16E-635E-47F0-B678-A5A9726E5B5A}.Debug|x64.ActiveCfg = Debug|x64
		{BFABF16E-635E-47F0-B678-A5A9726E5B5A}.Debug|x64.Build.0 = Debug|x64
		{BFABF16E-635E-47F0-B678-A5A9726E5B5A}.Debug|x86.ActiveCfg = Debug|Win32
		{BFABF16E-635E-47F0-B678-A5A9726E5B5A}.Debug|x86.Build.0 = Debug|Win32
		{BFABF16E-635E-47F0-B678-A5A9726E5B5A}.Release|x64.ActiveCfg = Release|x64
		{BFABF16E-635E-47F0-B678-A5A9726E5B5A}.Release|x64.Build.0 = Release|x64
		{BFABF16E-635E-47F0-B678-A5A9726E5B5A}.Release|x86.ActiveCfg = Release|Win32
		{BFABF16E-635E-47F0-B678-A5A9726E5B5A}.Release|x86.Build.0 = Release|Win32
	EndGlobalSection
	GlobalSection(SolutionProperties) = preSolution
		HideSolutionNode = FALSE
	EndGlobalSection
	GlobalSection(NestedProjects) = preSolution
		{58C1097F-5E1D-42FC-97EE-CBC9618A0802} = {6056B933-DBC2-4034-80BD-40A8A0F00D32}
		{4051E1BC-E921-4ACE-B11F-A01D00781393} = {6056B933-DBC2-4034-80BD-40A8A0F00D32}
		{6A2ED99F-ED32-4D69-B6F9-67C49E6D374E} = {6056B933-DBC2-4034-80BD-40A8A0F00D32}
		{BFABF16E-635E-47F0-B678-A5A9726E5B5A} = {6056B933-DBC2-4034-80BD-40A8A0F00D32}
	EndGlobalSection
	GlobalSection(ExtensibilityGlobals) = postSolution
		SolutionGuid = {B8653F97-F005-4FCF-BBED-4A12734E6BC0}
	EndGlobalSection
EndGlobal
